
Microsoft Visual Studio Solution File, Format Version 12.00
# Visual Studio Version 17
VisualStudioVersion = 17.5.33516.290
MinimumVisualStudioVersion = 10.0.40219.1
Project("{FAE04EC0-301F-11D3-BF4B-00C04F79EFBC}") = "Airbnb.Apartment.Three.Layot", "Airbnb.Apartment.Three.Layot\Airbnb.Apartment.Three.Layot.csproj", "{9FDDE57A-1C7C-491A-8A3C-B0242ED16C0C}"
EndProject
Project("{FAE04EC0-301F-11D3-BF4B-00C04F79EFBC}") = "Airbnb.Apartment.Three.BusinessLayer", "Airbnb.Apartment.Three.BusinessLayer\Airbnb.Apartment.Three.BusinessLayer.csproj", "{0169F17A-208B-4EB3-A0C9-6C2F7F44E4C6}"
EndProject
Global
	GlobalSection(SolutionConfigurationPlatforms) = preSolution
		Debug|Any CPU = Debug|Any CPU
		Release|Any CPU = Release|Any CPU
	EndGlobalSection
	GlobalSection(ProjectConfigurationPlatforms) = postSolution
		{9FDDE57A-1C7C-491A-8A3C-B0242ED16C0C}.Debug|Any CPU.ActiveCfg = Debug|Any CPU
		{9FDDE57A-1C7C-491A-8A3C-B0242ED16C0C}.Debug|Any CPU.Build.0 = Debug|Any CPU
		{9FDDE57A-1C7C-491A-8A3C-B0242ED16C0C}.Release|Any CPU.ActiveCfg = Release|Any CPU
		{9FDDE57A-1C7C-491A-8A3C-B0242ED16C0C}.Release|Any CPU.Build.0 = Release|Any CPU
		{0169F17A-208B-4EB3-A0C9-6C2F7F44E4C6}.Debug|Any CPU.ActiveCfg = Debug|Any CPU
		{0169F17A-208B-4EB3-A0C9-6C2F7F44E4C6}.Debug|Any CPU.Build.0 = Debug|Any CPU
		{0169F17A-208B-4EB3-A0C9-6C2F7F44E4C6}.Release|Any CPU.ActiveCfg = Release|Any CPU
		{0169F17A-208B-4EB3-A0C9-6C2F7F44E4C6}.Release|Any CPU.Build.0 = Release|Any CPU
	EndGlobalSection
	GlobalSection(SolutionProperties) = preSolution
		HideSolutionNode = FALSE
	EndGlobalSection
	GlobalSection(ExtensibilityGlobals) = postSolution
		SolutionGuid = {D6B78952-E92B-428F-A489-2F1BD25F6CAD}
	EndGlobalSection
EndGlobal
